
Microsoft Visual Studio Solution File, Format Version 12.00
# Visual Studio Version 16
VisualStudioVersion = 16.0.29806.167
MinimumVisualStudioVersion = 10.0.40219.1
Project("{2150E333-8FDC-42A3-9474-1A3956D46DE8}") = "UI", "UI", "{65F883B6-32EB-4BE5-9B80-AA75CFED93E0}"
EndProject
Project("{2150E333-8FDC-42A3-9474-1A3956D46DE8}") = "Services", "Services", "{F1CD4E10-6E67-446C-8281-E5E51298558F}"
EndProject
Project("{2150E333-8FDC-42A3-9474-1A3956D46DE8}") = "Common", "Common", "{6DB07D4C-27EB-496A-8E15-4710A6B695FC}"
EndProject
Project("{9A19103F-16F7-4668-BE54-9A1E7A4F7556}") = "WebStore.Domain", "Common\WebStore.Domain\WebStore.Domain.csproj", "{38CA079B-45EF-44A5-B87E-F2D630613BB3}"
EndProject
Project("{9A19103F-16F7-4668-BE54-9A1E7A4F7556}") = "WebStore.DAL", "Services\WebStore.DAL\WebStore.DAL.csproj", "{9A49EA55-7492-4FCD-8826-603E5BB07F9C}"
EndProject
Project("{9A19103F-16F7-4668-BE54-9A1E7A4F7556}") = "WebStore", "UI\WebStore\WebStore.csproj", "{08E5BD63-FF45-42B4-8E22-6CE85FE40A1C}"
EndProject
Global
	GlobalSection(SolutionConfigurationPlatforms) = preSolution
		Debug|Any CPU = Debug|Any CPU
		Release|Any CPU = Release|Any CPU
	EndGlobalSection
	GlobalSection(ProjectConfigurationPlatforms) = postSolution
		{38CA079B-45EF-44A5-B87E-F2D630613BB3}.Debug|Any CPU.ActiveCfg = Debug|Any CPU
		{38CA079B-45EF-44A5-B87E-F2D630613BB3}.Debug|Any CPU.Build.0 = Debug|Any CPU
		{38CA079B-45EF-44A5-B87E-F2D630613BB3}.Release|Any CPU.ActiveCfg = Release|Any CPU
		{38CA079B-45EF-44A5-B87E-F2D630613BB3}.Release|Any CPU.Build.0 = Release|Any CPU
		{9A49EA55-7492-4FCD-8826-603E5BB07F9C}.Debug|Any CPU.ActiveCfg = Debug|Any CPU
		{9A49EA55-7492-4FCD-8826-603E5BB07F9C}.Debug|Any CPU.Build.0 = Debug|Any CPU
		{9A49EA55-7492-4FCD-8826-603E5BB07F9C}.Release|Any CPU.ActiveCfg = Release|Any CPU
		{9A49EA55-7492-4FCD-8826-603E5BB07F9C}.Release|Any CPU.Build.0 = Release|Any CPU
		{08E5BD63-FF45-42B4-8E22-6CE85FE40A1C}.Debug|Any CPU.ActiveCfg = Debug|Any CPU
		{08E5BD63-FF45-42B4-8E22-6CE85FE40A1C}.Debug|Any CPU.Build.0 = Debug|Any CPU
		{08E5BD63-FF45-42B4-8E22-6CE85FE40A1C}.Release|Any CPU.ActiveCfg = Release|Any CPU
		{08E5BD63-FF45-42B4-8E22-6CE85FE40A1C}.Release|Any CPU.Build.0 = Release|Any CPU
	EndGlobalSection
	GlobalSection(SolutionProperties) = preSolution
		HideSolutionNode = FALSE
	EndGlobalSection
	GlobalSection(NestedProjects) = preSolution
		{38CA079B-45EF-44A5-B87E-F2D630613BB3} = {6DB07D4C-27EB-496A-8E15-4710A6B695FC}
		{9A49EA55-7492-4FCD-8826-603E5BB07F9C} = {F1CD4E10-6E67-446C-8281-E5E51298558F}
		{08E5BD63-FF45-42B4-8E22-6CE85FE40A1C} = {65F883B6-32EB-4BE5-9B80-AA75CFED93E0}
	EndGlobalSection
	GlobalSection(ExtensibilityGlobals) = postSolution
		SolutionGuid = {03B48D7A-D1FA-42B8-B4B5-E9BA9125FA87}
	EndGlobalSection
EndGlobal
